
Microsoft Visual Studio Solution File, Format Version 12.00
# Visual Studio Version 16
VisualStudioVersion = 16.0.31424.327
MinimumVisualStudioVersion = 10.0.40219.1
Project("{9A19103F-16F7-4668-BE54-9A1E7A4F7556}") = "TwoSum", "TwoSum\TwoSum.csproj", "{165FD193-78E7-4B15-BC7A-F8A8D9ED5479}"
EndProject
Project("{9A19103F-16F7-4668-BE54-9A1E7A4F7556}") = "ReverseInteger", "ReverseInteger\ReverseInteger.csproj", "{D1CAA319-6C08-409C-BE53-B1823AF79AAD}"
EndProject
Project("{9A19103F-16F7-4668-BE54-9A1E7A4F7556}") = "EvenAndOdd", "EvenAndOdd\EvenAndOdd.csproj", "{40EE27AC-F284-4433-A92F-AB163A6AA51B}"
EndProject
Project("{9A19103F-16F7-4668-BE54-9A1E7A4F7556}") = "LargestNumber", "LargestNumber\LargestNumber.csproj", "{A8F6B1F3-A907-461C-B2C1-5045FD8FC91A}"
EndProject
Project("{9A19103F-16F7-4668-BE54-9A1E7A4F7556}") = "SwapTwoNumbers", "SwapTwoNumbers\SwapTwoNumbers.csproj", "{BF244F95-D7F2-4E0C-9A51-D83BC9CC58CA}"
EndProject
Project("{9A19103F-16F7-4668-BE54-9A1E7A4F7556}") = "PrimeNumber", "PrimeNumber\PrimeNumber.csproj", "{88FD50B4-A05E-4E50-8FD2-DD66FAC34C55}"
EndProject
Project("{9A19103F-16F7-4668-BE54-9A1E7A4F7556}") = "FibonacciSeries", "FibonacciSeries\FibonacciSeries.csproj", "{8F98D485-7C71-4DFF-AC0D-EE2F788FD3DA}"
EndProject
Project("{9A19103F-16F7-4668-BE54-9A1E7A4F7556}") = "FactorialNumber", "FactorialNumber\FactorialNumber.csproj", "{A564E6EC-9CBF-45F5-9547-70C60A99A3B3}"
EndProject
Project("{FAE04EC0-301F-11D3-BF4B-00C04F79EFBC}") = "ReverseNumber", "PalindromeNumber\ReverseNumber.csproj", "{9687981F-4E2E-4BFA-B12C-8ABA1BDCE97B}"
EndProject
Project("{FAE04EC0-301F-11D3-BF4B-00C04F79EFBC}") = "FindingVowelUsingNestedLoop", "FindingVowelUsingNestedLoop\FindingVowelUsingNestedLoop.csproj", "{B7C22B4A-B6AB-4D02-BC04-8922FFB4F1C8}"
EndProject
Global
	GlobalSection(SolutionConfigurationPlatforms) = preSolution
		Debug|Any CPU = Debug|Any CPU
		Release|Any CPU = Release|Any CPU
	EndGlobalSection
	GlobalSection(ProjectConfigurationPlatforms) = postSolution
		{165FD193-78E7-4B15-BC7A-F8A8D9ED5479}.Debug|Any CPU.ActiveCfg = Debug|Any CPU
		{165FD193-78E7-4B15-BC7A-F8A8D9ED5479}.Debug|Any CPU.Build.0 = Debug|Any CPU
		{165FD193-78E7-4B15-BC7A-F8A8D9ED5479}.Release|Any CPU.ActiveCfg = Release|Any CPU
		{165FD193-78E7-4B15-BC7A-F8A8D9ED5479}.Release|Any CPU.Build.0 = Release|Any CPU
		{D1CAA319-6C08-409C-BE53-B1823AF79AAD}.Debug|Any CPU.ActiveCfg = Debug|Any CPU
		{D1CAA319-6C08-409C-BE53-B1823AF79AAD}.Debug|Any CPU.Build.0 = Debug|Any CPU
		{D1CAA319-6C08-409C-BE53-B1823AF79AAD}.Release|Any CPU.ActiveCfg = Release|Any CPU
		{D1CAA319-6C08-409C-BE53-B1823AF79AAD}.Release|Any CPU.Build.0 = Release|Any CPU
		{40EE27AC-F284-4433-A92F-AB163A6AA51B}.Debug|Any CPU.ActiveCfg = Debug|Any CPU
		{40EE27AC-F284-4433-A92F-AB163A6AA51B}.Debug|Any CPU.Build.0 = Debug|Any CPU
		{40EE27AC-F284-4433-A92F-AB163A6AA51B}.Release|Any CPU.ActiveCfg = Release|Any CPU
		{40EE27AC-F284-4433-A92F-AB163A6AA51B}.Release|Any CPU.Build.0 = Release|Any CPU
		{A8F6B1F3-A907-461C-B2C1-5045FD8FC91A}.Debug|Any CPU.ActiveCfg = Debug|Any CPU
		{A8F6B1F3-A907-461C-B2C1-5045FD8FC91A}.Debug|Any CPU.Build.0 = Debug|Any CPU
		{A8F6B1F3-A907-461C-B2C1-5045FD8FC91A}.Release|Any CPU.ActiveCfg = Release|Any CPU
		{A8F6B1F3-A907-461C-B2C1-5045FD8FC91A}.Release|Any CPU.Build.0 = Release|Any CPU
		{BF244F95-D7F2-4E0C-9A51-D83BC9CC58CA}.Debug|Any CPU.ActiveCfg = Debug|Any CPU
		{BF244F95-D7F2-4E0C-9A51-D83BC9CC58CA}.Debug|Any CPU.Build.0 = Debug|Any CPU
		{BF244F95-D7F2-4E0C-9A51-D83BC9CC58CA}.Release|Any CPU.ActiveCfg = Release|Any CPU
		{BF244F95-D7F2-4E0C-9A51-D83BC9CC58CA}.Release|Any CPU.Build.0 = Release|Any CPU
		{88FD50B4-A05E-4E50-8FD2-DD66FAC34C55}.Debug|Any CPU.ActiveCfg = Debug|Any CPU
		{88FD50B4-A05E-4E50-8FD2-DD66FAC34C55}.Debug|Any CPU.Build.0 = Debug|Any CPU
		{88FD50B4-A05E-4E50-8FD2-DD66FAC34C55}.Release|Any CPU.ActiveCfg = Release|Any CPU
		{88FD50B4-A05E-4E50-8FD2-DD66FAC34C55}.Release|Any CPU.Build.0 = Release|Any CPU
		{8F98D485-7C71-4DFF-AC0D-EE2F788FD3DA}.Debug|Any CPU.ActiveCfg = Debug|Any CPU
		{8F98D485-7C71-4DFF-AC0D-EE2F788FD3DA}.Debug|Any CPU.Build.0 = Debug|Any CPU
		{8F98D485-7C71-4DFF-AC0D-EE2F788FD3DA}.Release|Any CPU.ActiveCfg = Release|Any CPU
		{8F98D485-7C71-4DFF-AC0D-EE2F788FD3DA}.Release|Any CPU.Build.0 = Release|Any CPU
		{A564E6EC-9CBF-45F5-9547-70C60A99A3B3}.Debug|Any CPU.ActiveCfg = Debug|Any CPU
		{A564E6EC-9CBF-45F5-9547-70C60A99A3B3}.Debug|Any CPU.Build.0 = Debug|Any CPU
		{A564E6EC-9CBF-45F5-9547-70C60A99A3B3}.Release|Any CPU.ActiveCfg = Release|Any CPU
		{A564E6EC-9CBF-45F5-9547-70C60A99A3B3}.Release|Any CPU.Build.0 = Release|Any CPU
		{9687981F-4E2E-4BFA-B12C-8ABA1BDCE97B}.Debug|Any CPU.ActiveCfg = Debug|Any CPU
		{9687981F-4E2E-4BFA-B12C-8ABA1BDCE97B}.Debug|Any CPU.Build.0 = Debug|Any CPU
		{9687981F-4E2E-4BFA-B12C-8ABA1BDCE97B}.Release|Any CPU.ActiveCfg = Release|Any CPU
		{9687981F-4E2E-4BFA-B12C-8ABA1BDCE97B}.Release|Any CPU.Build.0 = Release|Any CPU
		{B7C22B4A-B6AB-4D02-BC04-8922FFB4F1C8}.Debug|Any CPU.ActiveCfg = Debug|Any CPU
		{B7C22B4A-B6AB-4D02-BC04-8922FFB4F1C8}.Debug|Any CPU.Build.0 = Debug|Any CPU
		{B7C22B4A-B6AB-4D02-BC04-8922FFB4F1C8}.Release|Any CPU.ActiveCfg = Release|Any CPU
		{B7C22B4A-B6AB-4D02-BC04-8922FFB4F1C8}.Release|Any CPU.Build.0 = Release|Any CPU
	EndGlobalSection
	GlobalSection(SolutionProperties) = preSolution
		HideSolutionNode = FALSE
	EndGlobalSection
	GlobalSection(ExtensibilityGlobals) = postSolution
		SolutionGuid = {E46B026D-BC86-4EEC-A227-6E16F723C548}
	EndGlobalSection
EndGlobal
