
Microsoft Visual Studio Solution File, Format Version 12.00
# Visual Studio Version 17
VisualStudioVersion = 17.6.33801.468
MinimumVisualStudioVersion = 10.0.40219.1
Project("{9A19103F-16F7-4668-BE54-9A1E7A4F7556}") = "TwoSum", "TwoSum\TwoSum.csproj", "{165FD193-78E7-4B15-BC7A-F8A8D9ED5479}"
EndProject
Project("{9A19103F-16F7-4668-BE54-9A1E7A4F7556}") = "ReverseInteger", "ReverseInteger\ReverseInteger.csproj", "{D1CAA319-6C08-409C-BE53-B1823AF79AAD}"
EndProject
Project("{9A19103F-16F7-4668-BE54-9A1E7A4F7556}") = "EvenAndOdd", "EvenAndOdd\EvenAndOdd.csproj", "{40EE27AC-F284-4433-A92F-AB163A6AA51B}"
EndProject
Project("{9A19103F-16F7-4668-BE54-9A1E7A4F7556}") = "LargestNumber", "LargestNumber\LargestNumber.csproj", "{A8F6B1F3-A907-461C-B2C1-5045FD8FC91A}"
EndProject
Project("{9A19103F-16F7-4668-BE54-9A1E7A4F7556}") = "SwapTwoNumbers", "SwapTwoNumbers\SwapTwoNumbers.csproj", "{BF244F95-D7F2-4E0C-9A51-D83BC9CC58CA}"
EndProject
Project("{9A19103F-16F7-4668-BE54-9A1E7A4F7556}") = "PrimeNumber", "PrimeNumber\PrimeNumber.csproj", "{88FD50B4-A05E-4E50-8FD2-DD66FAC34C55}"
EndProject
Project("{9A19103F-16F7-4668-BE54-9A1E7A4F7556}") = "FibonacciSeries", "FibonacciSeries\FibonacciSeries.csproj", "{8F98D485-7C71-4DFF-AC0D-EE2F788FD3DA}"
EndProject
Project("{9A19103F-16F7-4668-BE54-9A1E7A4F7556}") = "FactorialNumber", "FactorialNumber\FactorialNumber.csproj", "{A564E6EC-9CBF-45F5-9547-70C60A99A3B3}"
EndProject
Project("{9A19103F-16F7-4668-BE54-9A1E7A4F7556}") = "FindingVowelUsingNestedLoop", "FindingVowelUsingNestedLoop\FindingVowelUsingNestedLoop.csproj", "{B7C22B4A-B6AB-4D02-BC04-8922FFB4F1C8}"
EndProject
Project("{9A19103F-16F7-4668-BE54-9A1E7A4F7556}") = "ReverseNumbers", "ReverseNumbers\ReverseNumbers.csproj", "{428C7471-477E-41D3-8BBF-5BECC5AFE534}"
EndProject
Project("{9A19103F-16F7-4668-BE54-9A1E7A4F7556}") = "PalindromeNumber", "PalindromeNumber\PalindromeNumber.csproj", "{B4D22834-679F-4914-BAFF-6A0A7E0C7CFD}"
EndProject
Project("{9A19103F-16F7-4668-BE54-9A1E7A4F7556}") = "ArmstrongNumber", "ArmstrongNumber\ArmstrongNumber.csproj", "{BEA0F84F-A3B5-498A-B078-69E21CA18166}"
EndProject
Project("{9A19103F-16F7-4668-BE54-9A1E7A4F7556}") = "3. PalindromeNumber-9", "3.PalindromeNumber-9\3. PalindromeNumber-9.csproj", "{5ACD53E9-575D-453F-8C1A-9DD86F705147}"
EndProject
Project("{9A19103F-16F7-4668-BE54-9A1E7A4F7556}") = "4. LongestCommonPrefix", "4.LongestCommonPrefix\4. LongestCommonPrefix.csproj", "{B04FF935-87C1-43B5-B052-67FD4C50121C}"
EndProject
Project("{9A19103F-16F7-4668-BE54-9A1E7A4F7556}") = "5.  ValidParentheses", "5.  ValidParentheses\5.  ValidParentheses.csproj", "{B695D75C-0407-49C3-BD87-A9838494409A}"
EndProject
Project("{9A19103F-16F7-4668-BE54-9A1E7A4F7556}") = "Remove-DupllicateValue", "Remove-DupllicateValue\Remove-DupllicateValue.csproj", "{A2911808-B010-4CEC-BC3C-60D58C0C6261}"
EndProject
Project("{9A19103F-16F7-4668-BE54-9A1E7A4F7556}") = "ReverseString", "ReverseString\ReverseString.csproj", "{8099C6DD-6F42-4AD3-81A9-4D26C3BA7671}"
EndProject
Project("{9A19103F-16F7-4668-BE54-9A1E7A4F7556}") = "SquareElement", "SquareElement\SquareElement.csproj", "{2F45D26E-05A2-49ED-825C-0EC29539B486}"
EndProject
Project("{9A19103F-16F7-4668-BE54-9A1E7A4F7556}") = "boolean", "boolean\boolean.csproj", "{7591B217-6D6A-4528-8990-FAB92DA447F4}"
EndProject
Project("{9A19103F-16F7-4668-BE54-9A1E7A4F7556}") = "MaxMinValueInArray", "MaxMinValueInArray\MaxMinValueInArray.csproj", "{C1C75033-1F17-4F1D-98B2-CF12FF5615BD}"
EndProject
Project("{FAE04EC0-301F-11D3-BF4B-00C04F79EFBC}") = "Admission-Sample-Test-1", "Admission-Sample-Test-1\Admission-Sample-Test-1.csproj", "{9E4869FF-371D-4E6F-ADD7-25DD732EF39F}"
EndProject
Global
	GlobalSection(SolutionConfigurationPlatforms) = preSolution
		Debug|Any CPU = Debug|Any CPU
		Release|Any CPU = Release|Any CPU
	EndGlobalSection
	GlobalSection(ProjectConfigurationPlatforms) = postSolution
		{165FD193-78E7-4B15-BC7A-F8A8D9ED5479}.Debug|Any CPU.ActiveCfg = Debug|Any CPU
		{165FD193-78E7-4B15-BC7A-F8A8D9ED5479}.Debug|Any CPU.Build.0 = Debug|Any CPU
		{165FD193-78E7-4B15-BC7A-F8A8D9ED5479}.Release|Any CPU.ActiveCfg = Release|Any CPU
		{165FD193-78E7-4B15-BC7A-F8A8D9ED5479}.Release|Any CPU.Build.0 = Release|Any CPU
		{D1CAA319-6C08-409C-BE53-B1823AF79AAD}.Debug|Any CPU.ActiveCfg = Debug|Any CPU
		{D1CAA319-6C08-409C-BE53-B1823AF79AAD}.Debug|Any CPU.Build.0 = Debug|Any CPU
		{D1CAA319-6C08-409C-BE53-B1823AF79AAD}.Release|Any CPU.ActiveCfg = Release|Any CPU
		{D1CAA319-6C08-409C-BE53-B1823AF79AAD}.Release|Any CPU.Build.0 = Release|Any CPU
		{40EE27AC-F284-4433-A92F-AB163A6AA51B}.Debug|Any CPU.ActiveCfg = Debug|Any CPU
		{40EE27AC-F284-4433-A92F-AB163A6AA51B}.Debug|Any CPU.Build.0 = Debug|Any CPU
		{40EE27AC-F284-4433-A92F-AB163A6AA51B}.Release|Any CPU.ActiveCfg = Release|Any CPU
		{40EE27AC-F284-4433-A92F-AB163A6AA51B}.Release|Any CPU.Build.0 = Release|Any CPU
		{A8F6B1F3-A907-461C-B2C1-5045FD8FC91A}.Debug|Any CPU.ActiveCfg = Debug|Any CPU
		{A8F6B1F3-A907-461C-B2C1-5045FD8FC91A}.Debug|Any CPU.Build.0 = Debug|Any CPU
		{A8F6B1F3-A907-461C-B2C1-5045FD8FC91A}.Release|Any CPU.ActiveCfg = Release|Any CPU
		{A8F6B1F3-A907-461C-B2C1-5045FD8FC91A}.Release|Any CPU.Build.0 = Release|Any CPU
		{BF244F95-D7F2-4E0C-9A51-D83BC9CC58CA}.Debug|Any CPU.ActiveCfg = Debug|Any CPU
		{BF244F95-D7F2-4E0C-9A51-D83BC9CC58CA}.Debug|Any CPU.Build.0 = Debug|Any CPU
		{BF244F95-D7F2-4E0C-9A51-D83BC9CC58CA}.Release|Any CPU.ActiveCfg = Release|Any CPU
		{BF244F95-D7F2-4E0C-9A51-D83BC9CC58CA}.Release|Any CPU.Build.0 = Release|Any CPU
		{88FD50B4-A05E-4E50-8FD2-DD66FAC34C55}.Debug|Any CPU.ActiveCfg = Debug|Any CPU
		{88FD50B4-A05E-4E50-8FD2-DD66FAC34C55}.Debug|Any CPU.Build.0 = Debug|Any CPU
		{88FD50B4-A05E-4E50-8FD2-DD66FAC34C55}.Release|Any CPU.ActiveCfg = Release|Any CPU
		{88FD50B4-A05E-4E50-8FD2-DD66FAC34C55}.Release|Any CPU.Build.0 = Release|Any CPU
		{8F98D485-7C71-4DFF-AC0D-EE2F788FD3DA}.Debug|Any CPU.ActiveCfg = Debug|Any CPU
		{8F98D485-7C71-4DFF-AC0D-EE2F788FD3DA}.Debug|Any CPU.Build.0 = Debug|Any CPU
		{8F98D485-7C71-4DFF-AC0D-EE2F788FD3DA}.Release|Any CPU.ActiveCfg = Release|Any CPU
		{8F98D485-7C71-4DFF-AC0D-EE2F788FD3DA}.Release|Any CPU.Build.0 = Release|Any CPU
		{A564E6EC-9CBF-45F5-9547-70C60A99A3B3}.Debug|Any CPU.ActiveCfg = Debug|Any CPU
		{A564E6EC-9CBF-45F5-9547-70C60A99A3B3}.Debug|Any CPU.Build.0 = Debug|Any CPU
		{A564E6EC-9CBF-45F5-9547-70C60A99A3B3}.Release|Any CPU.ActiveCfg = Release|Any CPU
		{A564E6EC-9CBF-45F5-9547-70C60A99A3B3}.Release|Any CPU.Build.0 = Release|Any CPU
		{B7C22B4A-B6AB-4D02-BC04-8922FFB4F1C8}.Debug|Any CPU.ActiveCfg = Debug|Any CPU
		{B7C22B4A-B6AB-4D02-BC04-8922FFB4F1C8}.Debug|Any CPU.Build.0 = Debug|Any CPU
		{B7C22B4A-B6AB-4D02-BC04-8922FFB4F1C8}.Release|Any CPU.ActiveCfg = Release|Any CPU
		{B7C22B4A-B6AB-4D02-BC04-8922FFB4F1C8}.Release|Any CPU.Build.0 = Release|Any CPU
		{428C7471-477E-41D3-8BBF-5BECC5AFE534}.Debug|Any CPU.ActiveCfg = Debug|Any CPU
		{428C7471-477E-41D3-8BBF-5BECC5AFE534}.Debug|Any CPU.Build.0 = Debug|Any CPU
		{428C7471-477E-41D3-8BBF-5BECC5AFE534}.Release|Any CPU.ActiveCfg = Release|Any CPU
		{428C7471-477E-41D3-8BBF-5BECC5AFE534}.Release|Any CPU.Build.0 = Release|Any CPU
		{B4D22834-679F-4914-BAFF-6A0A7E0C7CFD}.Debug|Any CPU.ActiveCfg = Debug|Any CPU
		{B4D22834-679F-4914-BAFF-6A0A7E0C7CFD}.Debug|Any CPU.Build.0 = Debug|Any CPU
		{B4D22834-679F-4914-BAFF-6A0A7E0C7CFD}.Release|Any CPU.ActiveCfg = Release|Any CPU
		{B4D22834-679F-4914-BAFF-6A0A7E0C7CFD}.Release|Any CPU.Build.0 = Release|Any CPU
		{BEA0F84F-A3B5-498A-B078-69E21CA18166}.Debug|Any CPU.ActiveCfg = Debug|Any CPU
		{BEA0F84F-A3B5-498A-B078-69E21CA18166}.Debug|Any CPU.Build.0 = Debug|Any CPU
		{BEA0F84F-A3B5-498A-B078-69E21CA18166}.Release|Any CPU.ActiveCfg = Release|Any CPU
		{BEA0F84F-A3B5-498A-B078-69E21CA18166}.Release|Any CPU.Build.0 = Release|Any CPU
		{5ACD53E9-575D-453F-8C1A-9DD86F705147}.Debug|Any CPU.ActiveCfg = Debug|Any CPU
		{5ACD53E9-575D-453F-8C1A-9DD86F705147}.Debug|Any CPU.Build.0 = Debug|Any CPU
		{5ACD53E9-575D-453F-8C1A-9DD86F705147}.Release|Any CPU.ActiveCfg = Release|Any CPU
		{5ACD53E9-575D-453F-8C1A-9DD86F705147}.Release|Any CPU.Build.0 = Release|Any CPU
		{B04FF935-87C1-43B5-B052-67FD4C50121C}.Debug|Any CPU.ActiveCfg = Debug|Any CPU
		{B04FF935-87C1-43B5-B052-67FD4C50121C}.Debug|Any CPU.Build.0 = Debug|Any CPU
		{B04FF935-87C1-43B5-B052-67FD4C50121C}.Release|Any CPU.ActiveCfg = Release|Any CPU
		{B04FF935-87C1-43B5-B052-67FD4C50121C}.Release|Any CPU.Build.0 = Release|Any CPU
		{B695D75C-0407-49C3-BD87-A9838494409A}.Debug|Any CPU.ActiveCfg = Debug|Any CPU
		{B695D75C-0407-49C3-BD87-A9838494409A}.Debug|Any CPU.Build.0 = Debug|Any CPU
		{B695D75C-0407-49C3-BD87-A9838494409A}.Release|Any CPU.ActiveCfg = Release|Any CPU
		{B695D75C-0407-49C3-BD87-A9838494409A}.Release|Any CPU.Build.0 = Release|Any CPU
		{A2911808-B010-4CEC-BC3C-60D58C0C6261}.Debug|Any CPU.ActiveCfg = Debug|Any CPU
		{A2911808-B010-4CEC-BC3C-60D58C0C6261}.Debug|Any CPU.Build.0 = Debug|Any CPU
		{A2911808-B010-4CEC-BC3C-60D58C0C6261}.Release|Any CPU.ActiveCfg = Release|Any CPU
		{A2911808-B010-4CEC-BC3C-60D58C0C6261}.Release|Any CPU.Build.0 = Release|Any CPU
		{8099C6DD-6F42-4AD3-81A9-4D26C3BA7671}.Debug|Any CPU.ActiveCfg = Debug|Any CPU
		{8099C6DD-6F42-4AD3-81A9-4D26C3BA7671}.Debug|Any CPU.Build.0 = Debug|Any CPU
		{8099C6DD-6F42-4AD3-81A9-4D26C3BA7671}.Release|Any CPU.ActiveCfg = Release|Any CPU
		{8099C6DD-6F42-4AD3-81A9-4D26C3BA7671}.Release|Any CPU.Build.0 = Release|Any CPU
		{2F45D26E-05A2-49ED-825C-0EC29539B486}.Debug|Any CPU.ActiveCfg = Debug|Any CPU
		{2F45D26E-05A2-49ED-825C-0EC29539B486}.Debug|Any CPU.Build.0 = Debug|Any CPU
		{2F45D26E-05A2-49ED-825C-0EC29539B486}.Release|Any CPU.ActiveCfg = Release|Any CPU
		{2F45D26E-05A2-49ED-825C-0EC29539B486}.Release|Any CPU.Build.0 = Release|Any CPU
		{7591B217-6D6A-4528-8990-FAB92DA447F4}.Debug|Any CPU.ActiveCfg = Debug|Any CPU
		{7591B217-6D6A-4528-8990-FAB92DA447F4}.Debug|Any CPU.Build.0 = Debug|Any CPU
		{7591B217-6D6A-4528-8990-FAB92DA447F4}.Release|Any CPU.ActiveCfg = Release|Any CPU
		{7591B217-6D6A-4528-8990-FAB92DA447F4}.Release|Any CPU.Build.0 = Release|Any CPU
		{C1C75033-1F17-4F1D-98B2-CF12FF5615BD}.Debug|Any CPU.ActiveCfg = Debug|Any CPU
		{C1C75033-1F17-4F1D-98B2-CF12FF5615BD}.Debug|Any CPU.Build.0 = Debug|Any CPU
		{C1C75033-1F17-4F1D-98B2-CF12FF5615BD}.Release|Any CPU.ActiveCfg = Release|Any CPU
		{C1C75033-1F17-4F1D-98B2-CF12FF5615BD}.Release|Any CPU.Build.0 = Release|Any CPU
		{9E4869FF-371D-4E6F-ADD7-25DD732EF39F}.Debug|Any CPU.ActiveCfg = Debug|Any CPU
		{9E4869FF-371D-4E6F-ADD7-25DD732EF39F}.Debug|Any CPU.Build.0 = Debug|Any CPU
		{9E4869FF-371D-4E6F-ADD7-25DD732EF39F}.Release|Any CPU.ActiveCfg = Release|Any CPU
		{9E4869FF-371D-4E6F-ADD7-25DD732EF39F}.Release|Any CPU.Build.0 = Release|Any CPU
	EndGlobalSection
	GlobalSection(SolutionProperties) = preSolution
		HideSolutionNode = FALSE
	EndGlobalSection
	GlobalSection(ExtensibilityGlobals) = postSolution
		SolutionGuid = {E46B026D-BC86-4EEC-A227-6E16F723C548}
	EndGlobalSection
EndGlobal
